
Microsoft Visual Studio Solution File, Format Version 12.00
# Visual Studio Version 17
VisualStudioVersion = 17.4.33213.308
MinimumVisualStudioVersion = 10.0.40219.1
Project("{FAE04EC0-301F-11D3-BF4B-00C04F79EFBC}") = "Application", "CC\Application\Application.csproj", "{953B3FA2-CBF5-42D5-8341-D888CA70C19A}"
EndProject
Project("{FAE04EC0-301F-11D3-BF4B-00C04F79EFBC}") = "CC.Tests", "CC.Tests\CC.Tests.csproj", "{774AB418-E744-49A8-AFFA-AF219D6D6951}"
EndProject
Global
	GlobalSection(SolutionConfigurationPlatforms) = preSolution
		Debug|Any CPU = Debug|Any CPU
		Release|Any CPU = Release|Any CPU
	EndGlobalSection
	GlobalSection(ProjectConfigurationPlatforms) = postSolution
		{953B3FA2-CBF5-42D5-8341-D888CA70C19A}.Debug|Any CPU.ActiveCfg = Debug|Any CPU
		{953B3FA2-CBF5-42D5-8341-D888CA70C19A}.Debug|Any CPU.Build.0 = Debug|Any CPU
		{953B3FA2-CBF5-42D5-8341-D888CA70C19A}.Release|Any CPU.ActiveCfg = Release|Any CPU
		{953B3FA2-CBF5-42D5-8341-D888CA70C19A}.Release|Any CPU.Build.0 = Release|Any CPU
		{774AB418-E744-49A8-AFFA-AF219D6D6951}.Debug|Any CPU.ActiveCfg = Debug|Any CPU
		{774AB418-E744-49A8-AFFA-AF219D6D6951}.Debug|Any CPU.Build.0 = Debug|Any CPU
		{774AB418-E744-49A8-AFFA-AF219D6D6951}.Release|Any CPU.ActiveCfg = Release|Any CPU
		{774AB418-E744-49A8-AFFA-AF219D6D6951}.Release|Any CPU.Build.0 = Release|Any CPU
	EndGlobalSection
	GlobalSection(SolutionProperties) = preSolution
		HideSolutionNode = FALSE
	EndGlobalSection
	GlobalSection(ExtensibilityGlobals) = postSolution
		SolutionGuid = {181DC44D-DF27-4BE1-BF6C-1536BC822E55}
	EndGlobalSection
EndGlobal
